<Solution>
  <Project Path="src/WeightTracker.Api/WeightTracker.Api.csproj" />
  <Project Path="src/WeightTracker.Core/WeightTracker.Core.csproj" />
  <Project Path="src/WeightTracker.Data/WeightTracker.Data.csproj" />
  <Folder Name="/tests/">
    <Project Path="tests/WeightTracker.Core.UnitTests/WeightTracker.Core.UnitTests.csproj" />
  </Folder>
</Solution>
